
Microsoft Visual Studio Solution File, Format Version 11.00
# Visual Studio 2010
Project("{FAE04EC0-301F-11D3-BF4B-00C04F79EFBC}") = "MotoristPenaltyPoints", "MotoristPenaltyPoints\MotoristPenaltyPoints.csproj", "{2E986A32-CF43-4F25-937E-287F1A87C8FF}"
EndProject
Project("{FAE04EC0-301F-11D3-BF4B-00C04F79EFBC}") = "MotoristPenaltyPoints.Tests", "MotoristPenaltyPoints.Tests\MotoristPenaltyPoints.Tests.csproj", "{8512F6AA-3145-468F-8788-E68BD65A9425}"
EndProject
Global
	GlobalSection(SolutionConfigurationPlatforms) = preSolution
		Debug|Any CPU = Debug|Any CPU
		Release|Any CPU = Release|Any CPU
	EndGlobalSection
	GlobalSection(ProjectConfigurationPlatforms) = postSolution
		{2E986A32-CF43-4F25-937E-287F1A87C8FF}.Debug|Any CPU.ActiveCfg = Debug|Any CPU
		{2E986A32-CF43-4F25-937E-287F1A87C8FF}.Debug|Any CPU.Build.0 = Debug|Any CPU
		{2E986A32-CF43-4F25-937E-287F1A87C8FF}.Release|Any CPU.ActiveCfg = Release|Any CPU
		{2E986A32-CF43-4F25-937E-287F1A87C8FF}.Release|Any CPU.Build.0 = Release|Any CPU
		{8512F6AA-3145-468F-8788-E68BD65A9425}.Debug|Any CPU.ActiveCfg = Debug|Any CPU
		{8512F6AA-3145-468F-8788-E68BD65A9425}.Debug|Any CPU.Build.0 = Debug|Any CPU
		{8512F6AA-3145-468F-8788-E68BD65A9425}.Release|Any CPU.ActiveCfg = Release|Any CPU
		{8512F6AA-3145-468F-8788-E68BD65A9425}.Release|Any CPU.Build.0 = Release|Any CPU
	EndGlobalSection
	GlobalSection(SolutionProperties) = preSolution
		HideSolutionNode = FALSE
	EndGlobalSection
EndGlobal
